
Microsoft Visual Studio Solution File, Format Version 12.00
Project("{FAE04EC0-301F-11D3-BF4B-00C04F79EFBC}") = "District09.Servicefactory.Test.Api", "District09.Servicefactory.Test.Api\District09.Servicefactory.Test.Api.csproj", "{F360D47D-2FC4-4F76-A0CA-750C96DABA05}"
EndProject
Project("{FAE04EC0-301F-11D3-BF4B-00C04F79EFBC}") = "District09.Messaging.AMQP", "District09.Messaging.AMQP\District09.Messaging.AMQP.csproj", "{168603E5-3E36-4DCF-85EF-AEDD565DEE83}"
EndProject
Project("{FAE04EC0-301F-11D3-BF4B-00C04F79EFBC}") = "District09.Messaging.Extensions.Apm", "District09.Messaging.Extensions.Apm\District09.Messaging.Extensions.Apm.csproj", "{9EC3D2C7-2F82-49D1-8F8F-B95708422D22}"
EndProject
Global
	GlobalSection(SolutionConfigurationPlatforms) = preSolution
		Debug|Any CPU = Debug|Any CPU
		Release|Any CPU = Release|Any CPU
	EndGlobalSection
	GlobalSection(ProjectConfigurationPlatforms) = postSolution
		{F360D47D-2FC4-4F76-A0CA-750C96DABA05}.Debug|Any CPU.ActiveCfg = Debug|Any CPU
		{F360D47D-2FC4-4F76-A0CA-750C96DABA05}.Debug|Any CPU.Build.0 = Debug|Any CPU
		{F360D47D-2FC4-4F76-A0CA-750C96DABA05}.Release|Any CPU.ActiveCfg = Release|Any CPU
		{F360D47D-2FC4-4F76-A0CA-750C96DABA05}.Release|Any CPU.Build.0 = Release|Any CPU
		{168603E5-3E36-4DCF-85EF-AEDD565DEE83}.Debug|Any CPU.ActiveCfg = Debug|Any CPU
		{168603E5-3E36-4DCF-85EF-AEDD565DEE83}.Debug|Any CPU.Build.0 = Debug|Any CPU
		{168603E5-3E36-4DCF-85EF-AEDD565DEE83}.Release|Any CPU.ActiveCfg = Release|Any CPU
		{168603E5-3E36-4DCF-85EF-AEDD565DEE83}.Release|Any CPU.Build.0 = Release|Any CPU
		{9EC3D2C7-2F82-49D1-8F8F-B95708422D22}.Debug|Any CPU.ActiveCfg = Debug|Any CPU
		{9EC3D2C7-2F82-49D1-8F8F-B95708422D22}.Debug|Any CPU.Build.0 = Debug|Any CPU
		{9EC3D2C7-2F82-49D1-8F8F-B95708422D22}.Release|Any CPU.ActiveCfg = Release|Any CPU
		{9EC3D2C7-2F82-49D1-8F8F-B95708422D22}.Release|Any CPU.Build.0 = Release|Any CPU
	EndGlobalSection
EndGlobal
